
Microsoft Visual Studio Solution File, Format Version 12.00
# Visual Studio 2015
Project("{FAE04EC0-301F-11D3-BF4B-00C04F79EFBC}") = "SpaceMultiGames.CSharp", "SpaceMultiGames.CSharp.csproj", "{2C2A90EE-BC29-332F-215C-7A54CCF17BCD}"
EndProject
Project("{FAE04EC0-301F-11D3-BF4B-00C04F79EFBC}") = "SpaceMultiGames.CSharp.Editor", "SpaceMultiGames.CSharp.Editor.csproj", "{EDCE189F-3638-90ED-E4DA-9A71E9852B5B}"
EndProject
Global
	GlobalSection(SolutionConfigurationPlatforms) = preSolution
		Debug|Any CPU = Debug|Any CPU
		Release|Any CPU = Release|Any CPU
	EndGlobalSection
	GlobalSection(ProjectConfigurationPlatforms) = postSolution
		{2C2A90EE-BC29-332F-215C-7A54CCF17BCD}.Debug|Any CPU.ActiveCfg = Debug|Any CPU
		{2C2A90EE-BC29-332F-215C-7A54CCF17BCD}.Debug|Any CPU.Build.0 = Debug|Any CPU
		{2C2A90EE-BC29-332F-215C-7A54CCF17BCD}.Release|Any CPU.ActiveCfg = Release|Any CPU
		{2C2A90EE-BC29-332F-215C-7A54CCF17BCD}.Release|Any CPU.Build.0 = Release|Any CPU
		{EDCE189F-3638-90ED-E4DA-9A71E9852B5B}.Debug|Any CPU.ActiveCfg = Debug|Any CPU
		{EDCE189F-3638-90ED-E4DA-9A71E9852B5B}.Debug|Any CPU.Build.0 = Debug|Any CPU
		{EDCE189F-3638-90ED-E4DA-9A71E9852B5B}.Release|Any CPU.ActiveCfg = Release|Any CPU
		{EDCE189F-3638-90ED-E4DA-9A71E9852B5B}.Release|Any CPU.Build.0 = Release|Any CPU
	EndGlobalSection
	GlobalSection(SolutionProperties) = preSolution
		HideSolutionNode = FALSE
	EndGlobalSection
EndGlobal
